
Microsoft Visual Studio Solution File, Format Version 12.00
# Visual Studio 14
VisualStudioVersion = 14.0.25420.1
MinimumVisualStudioVersion = 10.0.40219.1
Project("{FAE04EC0-301F-11D3-BF4B-00C04F79EFBC}") = "ADLApp", "ADLApp\ADLApp\ADLApp.csproj", "{88C128BB-B770-457D-A91C-CB5A8EA14A5C}"
EndProject
Project("{FAE04EC0-301F-11D3-BF4B-00C04F79EFBC}") = "ADLApp.Droid", "ADLApp\ADLApp.Droid\ADLApp.Droid.csproj", "{91B9701A-9C7A-41C7-B96B-3F826BBE26B5}"
EndProject
Project("{FAE04EC0-301F-11D3-BF4B-00C04F79EFBC}") = "ADLApp.iOS", "ADLApp\ADLApp.iOS\ADLApp.iOS.csproj", "{B7AA970D-F495-4E3B-B7E4-C5EB442B84EC}"
EndProject
Project("{FAE04EC0-301F-11D3-BF4B-00C04F79EFBC}") = "ADLApp.WinPhone", "ADLApp\ADLApp.WinPhone\ADLApp.WinPhone.csproj", "{8481A3F8-F274-412E-81B6-E32857607B70}"
EndProject
Project("{FAE04EC0-301F-11D3-BF4B-00C04F79EFBC}") = "ADLApp.Windows", "ADLApp\ADLApp.Windows\ADLApp.Windows.csproj", "{5569E8BD-E0D4-4E8E-B54A-0B363694BBCA}"
EndProject
Global
	GlobalSection(SolutionConfigurationPlatforms) = preSolution
		Ad-Hoc|Any CPU = Ad-Hoc|Any CPU
		Ad-Hoc|ARM = Ad-Hoc|ARM
		Ad-Hoc|iPhone = Ad-Hoc|iPhone
		Ad-Hoc|iPhoneSimulator = Ad-Hoc|iPhoneSimulator
		Ad-Hoc|x64 = Ad-Hoc|x64
		Ad-Hoc|x86 = Ad-Hoc|x86
		AppStore|Any CPU = AppStore|Any CPU
		AppStore|ARM = AppStore|ARM
		AppStore|iPhone = AppStore|iPhone
		AppStore|iPhoneSimulator = AppStore|iPhoneSimulator
		AppStore|x64 = AppStore|x64
		AppStore|x86 = AppStore|x86
		Debug|Any CPU = Debug|Any CPU
		Debug|ARM = Debug|ARM
		Debug|iPhone = Debug|iPhone
		Debug|iPhoneSimulator = Debug|iPhoneSimulator
		Debug|x64 = Debug|x64
		Debug|x86 = Debug|x86
		Release|Any CPU = Release|Any CPU
		Release|ARM = Release|ARM
		Release|iPhone = Release|iPhone
		Release|iPhoneSimulator = Release|iPhoneSimulator
		Release|x64 = Release|x64
		Release|x86 = Release|x86
	EndGlobalSection
	GlobalSection(ProjectConfigurationPlatforms) = postSolution
		{88C128BB-B770-457D-A91C-CB5A8EA14A5C}.Ad-Hoc|Any CPU.ActiveCfg = Release|Any CPU
		{88C128BB-B770-457D-A91C-CB5A8EA14A5C}.Ad-Hoc|Any CPU.Build.0 = Release|Any CPU
		{88C128BB-B770-457D-A91C-CB5A8EA14A5C}.Ad-Hoc|ARM.ActiveCfg = Release|Any CPU
		{88C128BB-B770-457D-A91C-CB5A8EA14A5C}.Ad-Hoc|ARM.Build.0 = Release|Any CPU
		{88C128BB-B770-457D-A91C-CB5A8EA14A5C}.Ad-Hoc|iPhone.ActiveCfg = Release|Any CPU
		{88C128BB-B770-457D-A91C-CB5A8EA14A5C}.Ad-Hoc|iPhone.Build.0 = Release|Any CPU
		{88C128BB-B770-457D-A91C-CB5A8EA14A5C}.Ad-Hoc|iPhoneSimulator.ActiveCfg = Release|Any CPU
		{88C128BB-B770-457D-A91C-CB5A8EA14A5C}.Ad-Hoc|iPhoneSimulator.Build.0 = Release|Any CPU
		{88C128BB-B770-457D-A91C-CB5A8EA14A5C}.Ad-Hoc|x64.ActiveCfg = Release|Any CPU
		{88C128BB-B770-457D-A91C-CB5A8EA14A5C}.Ad-Hoc|x64.Build.0 = Release|Any CPU
		{88C128BB-B770-457D-A91C-CB5A8EA14A5C}.Ad-Hoc|x86.ActiveCfg = Release|Any CPU
		{88C128BB-B770-457D-A91C-CB5A8EA14A5C}.Ad-Hoc|x86.Build.0 = Release|Any CPU
		{88C128BB-B770-457D-A91C-CB5A8EA14A5C}.AppStore|Any CPU.ActiveCfg = Release|Any CPU
		{88C128BB-B770-457D-A91C-CB5A8EA14A5C}.AppStore|Any CPU.Build.0 = Release|Any CPU
		{88C128BB-B770-457D-A91C-CB5A8EA14A5C}.AppStore|ARM.ActiveCfg = Release|Any CPU
		{88C128BB-B770-457D-A91C-CB5A8EA14A5C}.AppStore|ARM.Build.0 = Release|Any CPU
		{88C128BB-B770-457D-A91C-CB5A8EA14A5C}.AppStore|iPhone.ActiveCfg = Release|Any CPU
		{88C128BB-B770-457D-A91C-CB5A8EA14A5C}.AppStore|iPhone.Build.0 = Release|Any CPU
		{88C128BB-B770-457D-A91C-CB5A8EA14A5C}.AppStore|iPhoneSimulator.ActiveCfg = Release|Any CPU
		{88C128BB-B770-457D-A91C-CB5A8EA14A5C}.AppStore|iPhoneSimulator.Build.0 = Release|Any CPU
		{88C128BB-B770-457D-A91C-CB5A8EA14A5C}.AppStore|x64.ActiveCfg = Release|Any CPU
		{88C128BB-B770-457D-A91C-CB5A8EA14A5C}.AppStore|x64.Build.0 = Release|Any CPU
		{88C128BB-B770-457D-A91C-CB5A8EA14A5C}.AppStore|x86.ActiveCfg = Release|Any CPU
		{88C128BB-B770-457D-A91C-CB5A8EA14A5C}.AppStore|x86.Build.0 = Release|Any CPU
		{88C128BB-B770-457D-A91C-CB5A8EA14A5C}.Debug|Any CPU.ActiveCfg = Debug|Any CPU
		{88C128BB-B770-457D-A91C-CB5A8EA14A5C}.Debug|Any CPU.Build.0 = Debug|Any CPU
		{88C128BB-B770-457D-A91C-CB5A8EA14A5C}.Debug|ARM.ActiveCfg = Debug|Any CPU
		{88C128BB-B770-457D-A91C-CB5A8EA14A5C}.Debug|ARM.Build.0 = Debug|Any CPU
		{88C128BB-B770-457D-A91C-CB5A8EA14A5C}.Debug|iPhone.ActiveCfg = Debug|Any CPU
		{88C128BB-B770-457D-A91C-CB5A8EA14A5C}.Debug|iPhone.Build.0 = Debug|Any CPU
		{88C128BB-B770-457D-A91C-CB5A8EA14A5C}.Debug|iPhoneSimulator.ActiveCfg = Debug|Any CPU
		{88C128BB-B770-457D-A91C-CB5A8EA14A5C}.Debug|iPhoneSimulator.Build.0 = Debug|Any CPU
		{88C128BB-B770-457D-A91C-CB5A8EA14A5C}.Debug|x64.ActiveCfg = Debug|Any CPU
		{88C128BB-B770-457D-A91C-CB5A8EA14A5C}.Debug|x64.Build.0 = Debug|Any CPU
		{88C128BB-B770-457D-A91C-CB5A8EA14A5C}.Debug|x86.ActiveCfg = Debug|Any CPU
		{88C128BB-B770-457D-A91C-CB5A8EA14A5C}.Debug|x86.Build.0 = Debug|Any CPU
		{88C128BB-B770-457D-A91C-CB5A8EA14A5C}.Release|Any CPU.ActiveCfg = Release|Any CPU
		{88C128BB-B770-457D-A91C-CB5A8EA14A5C}.Release|Any CPU.Build.0 = Release|Any CPU
		{88C128BB-B770-457D-A91C-CB5A8EA14A5C}.Release|ARM.ActiveCfg = Release|Any CPU
		{88C128BB-B770-457D-A91C-CB5A8EA14A5C}.Release|ARM.Build.0 = Release|Any CPU
		{88C128BB-B770-457D-A91C-CB5A8EA14A5C}.Release|iPhone.ActiveCfg = Release|Any CPU
		{88C128BB-B770-457D-A91C-CB5A8EA14A5C}.Release|iPhone.Build.0 = Release|Any CPU
		{88C128BB-B770-457D-A91C-CB5A8EA14A5C}.Release|iPhoneSimulator.ActiveCfg = Release|Any CPU
		{88C128BB-B770-457D-A91C-CB5A8EA14A5C}.Release|iPhoneSimulator.Build.0 = Release|Any CPU
		{88C128BB-B770-457D-A91C-CB5A8EA14A5C}.Release|x64.ActiveCfg = Release|Any CPU
		{88C128BB-B770-457D-A91C-CB5A8EA14A5C}.Release|x64.Build.0 = Release|Any CPU
		{88C128BB-B770-457D-A91C-CB5A8EA14A5C}.Release|x86.ActiveCfg = Release|Any CPU
		{88C128BB-B770-457D-A91C-CB5A8EA14A5C}.Release|x86.Build.0 = Release|Any CPU
		{91B9701A-9C7A-41C7-B96B-3F826BBE26B5}.Ad-Hoc|Any CPU.ActiveCfg = Release|Any CPU
		{91B9701A-9C7A-41C7-B96B-3F826BBE26B5}.Ad-Hoc|Any CPU.Build.0 = Release|Any CPU
		{91B9701A-9C7A-41C7-B96B-3F826BBE26B5}.Ad-Hoc|Any CPU.Deploy.0 = Release|Any CPU
		{91B9701A-9C7A-41C7-B96B-3F826BBE26B5}.Ad-Hoc|ARM.ActiveCfg = Release|Any CPU
		{91B9701A-9C7A-41C7-B96B-3F826BBE26B5}.Ad-Hoc|ARM.Build.0 = Release|Any CPU
		{91B9701A-9C7A-41C7-B96B-3F826BBE26B5}.Ad-Hoc|ARM.Deploy.0 = Release|Any CPU
		{91B9701A-9C7A-41C7-B96B-3F826BBE26B5}.Ad-Hoc|iPhone.ActiveCfg = Release|Any CPU
		{91B9701A-9C7A-41C7-B96B-3F826BBE26B5}.Ad-Hoc|iPhone.Build.0 = Release|Any CPU
		{91B9701A-9C7A-41C7-B96B-3F826BBE26B5}.Ad-Hoc|iPhone.Deploy.0 = Release|Any CPU
		{91B9701A-9C7A-41C7-B96B-3F826BBE26B5}.Ad-Hoc|iPhoneSimulator.ActiveCfg = Release|Any CPU
		{91B9701A-9C7A-41C7-B96B-3F826BBE26B5}.Ad-Hoc|iPhoneSimulator.Build.0 = Release|Any CPU
		{91B9701A-9C7A-41C7-B96B-3F826BBE26B5}.Ad-Hoc|iPhoneSimulator.Deploy.0 = Release|Any CPU
		{91B9701A-9C7A-41C7-B96B-3F826BBE26B5}.Ad-Hoc|x64.ActiveCfg = Release|Any CPU
		{91B9701A-9C7A-41C7-B96B-3F826BBE26B5}.Ad-Hoc|x64.Build.0 = Release|Any CPU
		{91B9701A-9C7A-41C7-B96B-3F826BBE26B5}.Ad-Hoc|x64.Deploy.0 = Release|Any CPU
		{91B9701A-9C7A-41C7-B96B-3F826BBE26B5}.Ad-Hoc|x86.ActiveCfg = Release|Any CPU
		{91B9701A-9C7A-41C7-B96B-3F826BBE26B5}.Ad-Hoc|x86.Build.0 = Release|Any CPU
		{91B9701A-9C7A-41C7-B96B-3F826BBE26B5}.Ad-Hoc|x86.Deploy.0 = Release|Any CPU
		{91B9701A-9C7A-41C7-B96B-3F826BBE26B5}.AppStore|Any CPU.ActiveCfg = Release|Any CPU
		{91B9701A-9C7A-41C7-B96B-3F826BBE26B5}.AppStore|Any CPU.Build.0 = Release|Any CPU
		{91B9701A-9C7A-41C7-B96B-3F826BBE26B5}.AppStore|Any CPU.Deploy.0 = Release|Any CPU
		{91B9701A-9C7A-41C7-B96B-3F826BBE26B5}.AppStore|ARM.ActiveCfg = Release|Any CPU
		{91B9701A-9C7A-41C7-B96B-3F826BBE26B5}.AppStore|ARM.Build.0 = Release|Any CPU
		{91B9701A-9C7A-41C7-B96B-3F826BBE26B5}.AppStore|ARM.Deploy.0 = Release|Any CPU
		{91B9701A-9C7A-41C7-B96B-3F826BBE26B5}.AppStore|iPhone.ActiveCfg = Release|Any CPU
		{91B9701A-9C7A-41C7-B96B-3F826BBE26B5}.AppStore|iPhone.Build.0 = Release|Any CPU
		{91B9701A-9C7A-41C7-B96B-3F826BBE26B5}.AppStore|iPhone.Deploy.0 = Release|Any CPU
		{91B9701A-9C7A-41C7-B96B-3F826BBE26B5}.AppStore|iPhoneSimulator.ActiveCfg = Release|Any CPU
		{91B9701A-9C7A-41C7-B96B-3F826BBE26B5}.AppStore|iPhoneSimulator.Build.0 = Release|Any CPU
		{91B9701A-9C7A-41C7-B96B-3F826BBE26B5}.AppStore|iPhoneSimulator.Deploy.0 = Release|Any CPU
		{91B9701A-9C7A-41C7-B96B-3F826BBE26B5}.AppStore|x64.ActiveCfg = Release|Any CPU
		{91B9701A-9C7A-41C7-B96B-3F826BBE26B5}.AppStore|x64.Build.0 = Release|Any CPU
		{91B9701A-9C7A-41C7-B96B-3F826BBE26B5}.AppStore|x64.Deploy.0 = Release|Any CPU
		{91B9701A-9C7A-41C7-B96B-3F826BBE26B5}.AppStore|x86.ActiveCfg = Release|Any CPU
		{91B9701A-9C7A-41C7-B96B-3F826BBE26B5}.AppStore|x86.Build.0 = Release|Any CPU
		{91B9701A-9C7A-41C7-B96B-3F826BBE26B5}.AppStore|x86.Deploy.0 = Release|Any CPU
		{91B9701A-9C7A-41C7-B96B-3F826BBE26B5}.Debug|Any CPU.ActiveCfg = Debug|Any CPU
		{91B9701A-9C7A-41C7-B96B-3F826BBE26B5}.Debug|Any CPU.Build.0 = Debug|Any CPU
		{91B9701A-9C7A-41C7-B96B-3F826BBE26B5}.Debug|Any CPU.Deploy.0 = Debug|Any CPU
		{91B9701A-9C7A-41C7-B96B-3F826BBE26B5}.Debug|ARM.ActiveCfg = Debug|Any CPU
		{91B9701A-9C7A-41C7-B96B-3F826BBE26B5}.Debug|ARM.Build.0 = Debug|Any CPU
		{91B9701A-9C7A-41C7-B96B-3F826BBE26B5}.Debug|ARM.Deploy.0 = Debug|Any CPU
		{91B9701A-9C7A-41C7-B96B-3F826BBE26B5}.Debug|iPhone.ActiveCfg = Debug|Any CPU
		{91B9701A-9C7A-41C7-B96B-3F826BBE26B5}.Debug|iPhone.Build.0 = Debug|Any CPU
		{91B9701A-9C7A-41C7-B96B-3F826BBE26B5}.Debug|iPhone.Deploy.0 = Debug|Any CPU
		{91B9701A-9C7A-41C7-B96B-3F826BBE26B5}.Debug|iPhoneSimulator.ActiveCfg = Debug|Any CPU
		{91B9701A-9C7A-41C7-B96B-3F826BBE26B5}.Debug|iPhoneSimulator.Build.0 = Debug|Any CPU
		{91B9701A-9C7A-41C7-B96B-3F826BBE26B5}.Debug|iPhoneSimulator.Deploy.0 = Debug|Any CPU
		{91B9701A-9C7A-41C7-B96B-3F826BBE26B5}.Debug|x64.ActiveCfg = Debug|Any CPU
		{91B9701A-9C7A-41C7-B96B-3F826BBE26B5}.Debug|x64.Build.0 = Debug|Any CPU
		{91B9701A-9C7A-41C7-B96B-3F826BBE26B5}.Debug|x64.Deploy.0 = Debug|Any CPU
		{91B9701A-9C7A-41C7-B96B-3F826BBE26B5}.Debug|x86.ActiveCfg = Debug|Any CPU
		{91B9701A-9C7A-41C7-B96B-3F826BBE26B5}.Debug|x86.Build.0 = Debug|Any CPU
		{91B9701A-9C7A-41C7-B96B-3F826BBE26B5}.Debug|x86.Deploy.0 = Debug|Any CPU
		{91B9701A-9C7A-41C7-B96B-3F826BBE26B5}.Release|Any CPU.ActiveCfg = Release|Any CPU
		{91B9701A-9C7A-41C7-B96B-3F826BBE26B5}.Release|Any CPU.Build.0 = Release|Any CPU
		{91B9701A-9C7A-41C7-B96B-3F826BBE26B5}.Release|Any CPU.Deploy.0 = Release|Any CPU
		{91B9701A-9C7A-41C7-B96B-3F826BBE26B5}.Release|ARM.ActiveCfg = Release|Any CPU
		{91B9701A-9C7A-41C7-B96B-3F826BBE26B5}.Release|ARM.Build.0 = Release|Any CPU
		{91B9701A-9C7A-41C7-B96B-3F826BBE26B5}.Release|ARM.Deploy.0 = Release|Any CPU
		{91B9701A-9C7A-41C7-B96B-3F826BBE26B5}.Release|iPhone.ActiveCfg = Release|Any CPU
		{91B9701A-9C7A-41C7-B96B-3F826BBE26B5}.Release|iPhone.Build.0 = Release|Any CPU
		{91B9701A-9C7A-41C7-B96B-3F826BBE26B5}.Release|iPhone.Deploy.0 = Release|Any CPU
		{91B9701A-9C7A-41C7-B96B-3F826BBE26B5}.Release|iPhoneSimulator.ActiveCfg = Release|Any CPU
		{91B9701A-9C7A-41C7-B96B-3F826BBE26B5}.Release|iPhoneSimulator.Build.0 = Release|Any CPU
		{91B9701A-9C7A-41C7-B96B-3F826BBE26B5}.Release|iPhoneSimulator.Deploy.0 = Release|Any CPU
		{91B9701A-9C7A-41C7-B96B-3F826BBE26B5}.Release|x64.ActiveCfg = Release|Any CPU
		{91B9701A-9C7A-41C7-B96B-3F826BBE26B5}.Release|x64.Build.0 = Release|Any CPU
		{91B9701A-9C7A-41C7-B96B-3F826BBE26B5}.Release|x64.Deploy.0 = Release|Any CPU
		{91B9701A-9C7A-41C7-B96B-3F826BBE26B5}.Release|x86.ActiveCfg = Release|Any CPU
		{91B9701A-9C7A-41C7-B96B-3F826BBE26B5}.Release|x86.Build.0 = Release|Any CPU
		{91B9701A-9C7A-41C7-B96B-3F826BBE26B5}.Release|x86.Deploy.0 = Release|Any CPU
		{B7AA970D-F495-4E3B-B7E4-C5EB442B84EC}.Ad-Hoc|Any CPU.ActiveCfg = Ad-Hoc|iPhone
		{B7AA970D-F495-4E3B-B7E4-C5EB442B84EC}.Ad-Hoc|ARM.ActiveCfg = Ad-Hoc|iPhone
		{B7AA970D-F495-4E3B-B7E4-C5EB442B84EC}.Ad-Hoc|iPhone.ActiveCfg = Ad-Hoc|iPhone
		{B7AA970D-F495-4E3B-B7E4-C5EB442B84EC}.Ad-Hoc|iPhone.Build.0 = Ad-Hoc|iPhone
		{B7AA970D-F495-4E3B-B7E4-C5EB442B84EC}.Ad-Hoc|iPhoneSimulator.ActiveCfg = Ad-Hoc|iPhoneSimulator
		{B7AA970D-F495-4E3B-B7E4-C5EB442B84EC}.Ad-Hoc|iPhoneSimulator.Build.0 = Ad-Hoc|iPhoneSimulator
		{B7AA970D-F495-4E3B-B7E4-C5EB442B84EC}.Ad-Hoc|x64.ActiveCfg = Ad-Hoc|iPhone
		{B7AA970D-F495-4E3B-B7E4-C5EB442B84EC}.Ad-Hoc|x86.ActiveCfg = Ad-Hoc|iPhone
		{B7AA970D-F495-4E3B-B7E4-C5EB442B84EC}.AppStore|Any CPU.ActiveCfg = AppStore|iPhone
		{B7AA970D-F495-4E3B-B7E4-C5EB442B84EC}.AppStore|ARM.ActiveCfg = AppStore|iPhone
		{B7AA970D-F495-4E3B-B7E4-C5EB442B84EC}.AppStore|iPhone.ActiveCfg = AppStore|iPhone
		{B7AA970D-F495-4E3B-B7E4-C5EB442B84EC}.AppStore|iPhone.Build.0 = AppStore|iPhone
		{B7AA970D-F495-4E3B-B7E4-C5EB442B84EC}.AppStore|iPhoneSimulator.ActiveCfg = AppStore|iPhoneSimulator
		{B7AA970D-F495-4E3B-B7E4-C5EB442B84EC}.AppStore|iPhoneSimulator.Build.0 = AppStore|iPhoneSimulator
		{B7AA970D-F495-4E3B-B7E4-C5EB442B84EC}.AppStore|x64.ActiveCfg = AppStore|iPhone
		{B7AA970D-F495-4E3B-B7E4-C5EB442B84EC}.AppStore|x86.ActiveCfg = AppStore|iPhone
		{B7AA970D-F495-4E3B-B7E4-C5EB442B84EC}.Debug|Any CPU.ActiveCfg = Debug|iPhone
		{B7AA970D-F495-4E3B-B7E4-C5EB442B84EC}.Debug|ARM.ActiveCfg = Debug|iPhone
		{B7AA970D-F495-4E3B-B7E4-C5EB442B84EC}.Debug|iPhone.ActiveCfg = Debug|iPhone
		{B7AA970D-F495-4E3B-B7E4-C5EB442B84EC}.Debug|iPhone.Build.0 = Debug|iPhone
		{B7AA970D-F495-4E3B-B7E4-C5EB442B84EC}.Debug|iPhoneSimulator.ActiveCfg = Debug|iPhoneSimulator
		{B7AA970D-F495-4E3B-B7E4-C5EB442B84EC}.Debug|iPhoneSimulator.Build.0 = Debug|iPhoneSimulator
		{B7AA970D-F495-4E3B-B7E4-C5EB442B84EC}.Debug|x64.ActiveCfg = Debug|iPhone
		{B7AA970D-F495-4E3B-B7E4-C5EB442B84EC}.Debug|x86.ActiveCfg = Debug|iPhone
		{B7AA970D-F495-4E3B-B7E4-C5EB442B84EC}.Release|Any CPU.ActiveCfg = Release|iPhone
		{B7AA970D-F495-4E3B-B7E4-C5EB442B84EC}.Release|ARM.ActiveCfg = Release|iPhone
		{B7AA970D-F495-4E3B-B7E4-C5EB442B84EC}.Release|iPhone.ActiveCfg = Release|iPhone
		{B7AA970D-F495-4E3B-B7E4-C5EB442B84EC}.Release|iPhone.Build.0 = Release|iPhone
		{B7AA970D-F495-4E3B-B7E4-C5EB442B84EC}.Release|iPhoneSimulator.ActiveCfg = Release|iPhoneSimulator
		{B7AA970D-F495-4E3B-B7E4-C5EB442B84EC}.Release|iPhoneSimulator.Build.0 = Release|iPhoneSimulator
		{B7AA970D-F495-4E3B-B7E4-C5EB442B84EC}.Release|x64.ActiveCfg = Release|iPhone
		{B7AA970D-F495-4E3B-B7E4-C5EB442B84EC}.Release|x86.ActiveCfg = Release|iPhone
		{8481A3F8-F274-412E-81B6-E32857607B70}.Ad-Hoc|Any CPU.ActiveCfg = Release|Any CPU
		{8481A3F8-F274-412E-81B6-E32857607B70}.Ad-Hoc|Any CPU.Build.0 = Release|Any CPU
		{8481A3F8-F274-412E-81B6-E32857607B70}.Ad-Hoc|Any CPU.Deploy.0 = Release|Any CPU
		{8481A3F8-F274-412E-81B6-E32857607B70}.Ad-Hoc|ARM.ActiveCfg = Release|ARM
		{8481A3F8-F274-412E-81B6-E32857607B70}.Ad-Hoc|ARM.Build.0 = Release|ARM
		{8481A3F8-F274-412E-81B6-E32857607B70}.Ad-Hoc|ARM.Deploy.0 = Release|ARM
		{8481A3F8-F274-412E-81B6-E32857607B70}.Ad-Hoc|iPhone.ActiveCfg = Release|Any CPU
		{8481A3F8-F274-412E-81B6-E32857607B70}.Ad-Hoc|iPhone.Build.0 = Release|Any CPU
		{8481A3F8-F274-412E-81B6-E32857607B70}.Ad-Hoc|iPhone.Deploy.0 = Release|Any CPU
		{8481A3F8-F274-412E-81B6-E32857607B70}.Ad-Hoc|iPhoneSimulator.ActiveCfg = Release|Any CPU
		{8481A3F8-F274-412E-81B6-E32857607B70}.Ad-Hoc|iPhoneSimulator.Build.0 = Release|Any CPU
		{8481A3F8-F274-412E-81B6-E32857607B70}.Ad-Hoc|iPhoneSimulator.Deploy.0 = Release|Any CPU
		{8481A3F8-F274-412E-81B6-E32857607B70}.Ad-Hoc|x64.ActiveCfg = Release|Any CPU
		{8481A3F8-F274-412E-81B6-E32857607B70}.Ad-Hoc|x64.Build.0 = Release|Any CPU
		{8481A3F8-F274-412E-81B6-E32857607B70}.Ad-Hoc|x64.Deploy.0 = Release|Any CPU
		{8481A3F8-F274-412E-81B6-E32857607B70}.Ad-Hoc|x86.ActiveCfg = Release|x86
		{8481A3F8-F274-412E-81B6-E32857607B70}.Ad-Hoc|x86.Build.0 = Release|x86
		{8481A3F8-F274-412E-81B6-E32857607B70}.Ad-Hoc|x86.Deploy.0 = Release|x86
		{8481A3F8-F274-412E-81B6-E32857607B70}.AppStore|Any CPU.ActiveCfg = Release|Any CPU
		{8481A3F8-F274-412E-81B6-E32857607B70}.AppStore|Any CPU.Build.0 = Release|Any CPU
		{8481A3F8-F274-412E-81B6-E32857607B70}.AppStore|Any CPU.Deploy.0 = Release|Any CPU
		{8481A3F8-F274-412E-81B6-E32857607B70}.AppStore|ARM.ActiveCfg = Release|ARM
		{8481A3F8-F274-412E-81B6-E32857607B70}.AppStore|ARM.Build.0 = Release|ARM
		{8481A3F8-F274-412E-81B6-E32857607B70}.AppStore|ARM.Deploy.0 = Release|ARM
		{8481A3F8-F274-412E-81B6-E32857607B70}.AppStore|iPhone.ActiveCfg = Release|Any CPU
		{8481A3F8-F274-412E-81B6-E32857607B70}.AppStore|iPhone.Build.0 = Release|Any CPU
		{8481A3F8-F274-412E-81B6-E32857607B70}.AppStore|iPhone.Deploy.0 = Release|Any CPU
		{8481A3F8-F274-412E-81B6-E32857607B70}.AppStore|iPhoneSimulator.ActiveCfg = Release|Any CPU
		{8481A3F8-F274-412E-81B6-E32857607B70}.AppStore|iPhoneSimulator.Build.0 = Release|Any CPU
		{8481A3F8-F274-412E-81B6-E32857607B70}.AppStore|iPhoneSimulator.Deploy.0 = Release|Any CPU
		{8481A3F8-F274-412E-81B6-E32857607B70}.AppStore|x64.ActiveCfg = Release|Any CPU
		{8481A3F8-F274-412E-81B6-E32857607B70}.AppStore|x64.Build.0 = Release|Any CPU
		{8481A3F8-F274-412E-81B6-E32857607B70}.AppStore|x64.Deploy.0 = Release|Any CPU
		{8481A3F8-F274-412E-81B6-E32857607B70}.AppStore|x86.ActiveCfg = Release|x86
		{8481A3F8-F274-412E-81B6-E32857607B70}.AppStore|x86.Build.0 = Release|x86
		{8481A3F8-F274-412E-81B6-E32857607B70}.AppStore|x86.Deploy.0 = Release|x86
		{8481A3F8-F274-412E-81B6-E32857607B70}.Debug|Any CPU.ActiveCfg = Debug|Any CPU
		{8481A3F8-F274-412E-81B6-E32857607B70}.Debug|Any CPU.Build.0 = Debug|Any CPU
		{8481A3F8-F274-412E-81B6-E32857607B70}.Debug|Any CPU.Deploy.0 = Debug|Any CPU
		{8481A3F8-F274-412E-81B6-E32857607B70}.Debug|ARM.ActiveCfg = Debug|ARM
		{8481A3F8-F274-412E-81B6-E32857607B70}.Debug|ARM.Build.0 = Debug|ARM
		{8481A3F8-F274-412E-81B6-E32857607B70}.Debug|ARM.Deploy.0 = Debug|ARM
		{8481A3F8-F274-412E-81B6-E32857607B70}.Debug|iPhone.ActiveCfg = Debug|Any CPU
		{8481A3F8-F274-412E-81B6-E32857607B70}.Debug|iPhone.Build.0 = Debug|Any CPU
		{8481A3F8-F274-412E-81B6-E32857607B70}.Debug|iPhone.Deploy.0 = Debug|Any CPU
		{8481A3F8-F274-412E-81B6-E32857607B70}.Debug|iPhoneSimulator.ActiveCfg = Debug|Any CPU
		{8481A3F8-F274-412E-81B6-E32857607B70}.Debug|iPhoneSimulator.Build.0 = Debug|Any CPU
		{8481A3F8-F274-412E-81B6-E32857607B70}.Debug|iPhoneSimulator.Deploy.0 = Debug|Any CPU
		{8481A3F8-F274-412E-81B6-E32857607B70}.Debug|x64.ActiveCfg = Debug|Any CPU
		{8481A3F8-F274-412E-81B6-E32857607B70}.Debug|x64.Build.0 = Debug|Any CPU
		{8481A3F8-F274-412E-81B6-E32857607B70}.Debug|x64.Deploy.0 = Debug|Any CPU
		{8481A3F8-F274-412E-81B6-E32857607B70}.Debug|x86.ActiveCfg = Debug|x86
		{8481A3F8-F274-412E-81B6-E32857607B70}.Debug|x86.Build.0 = Debug|x86
		{8481A3F8-F274-412E-81B6-E32857607B70}.Debug|x86.Deploy.0 = Debug|x86
		{8481A3F8-F274-412E-81B6-E32857607B70}.Release|Any CPU.ActiveCfg = Release|Any CPU
		{8481A3F8-F274-412E-81B6-E32857607B70}.Release|Any CPU.Build.0 = Release|Any CPU
		{8481A3F8-F274-412E-81B6-E32857607B70}.Release|Any CPU.Deploy.0 = Release|Any CPU
		{8481A3F8-F274-412E-81B6-E32857607B70}.Release|ARM.ActiveCfg = Release|ARM
		{8481A3F8-F274-412E-81B6-E32857607B70}.Release|ARM.Build.0 = Release|ARM
		{8481A3F8-F274-412E-81B6-E32857607B70}.Release|ARM.Deploy.0 = Release|ARM
		{8481A3F8-F274-412E-81B6-E32857607B70}.Release|iPhone.ActiveCfg = Release|Any CPU
		{8481A3F8-F274-412E-81B6-E32857607B70}.Release|iPhone.Build.0 = Release|Any CPU
		{8481A3F8-F274-412E-81B6-E32857607B70}.Release|iPhone.Deploy.0 = Release|Any CPU
		{8481A3F8-F274-412E-81B6-E32857607B70}.Release|iPhoneSimulator.ActiveCfg = Release|Any CPU
		{8481A3F8-F274-412E-81B6-E32857607B70}.Release|iPhoneSimulator.Build.0 = Release|Any CPU
		{8481A3F8-F274-412E-81B6-E32857607B70}.Release|iPhoneSimulator.Deploy.0 = Release|Any CPU
		{8481A3F8-F274-412E-81B6-E32857607B70}.Release|x64.ActiveCfg = Release|Any CPU
		{8481A3F8-F274-412E-81B6-E32857607B70}.Release|x64.Build.0 = Release|Any CPU
		{8481A3F8-F274-412E-81B6-E32857607B70}.Release|x64.Deploy.0 = Release|Any CPU
		{8481A3F8-F274-412E-81B6-E32857607B70}.Release|x86.ActiveCfg = Release|x86
		{8481A3F8-F274-412E-81B6-E32857607B70}.Release|x86.Build.0 = Release|x86
		{8481A3F8-F274-412E-81B6-E32857607B70}.Release|x86.Deploy.0 = Release|x86
		{5569E8BD-E0D4-4E8E-B54A-0B363694BBCA}.Ad-Hoc|Any CPU.ActiveCfg = Release|Any CPU
		{5569E8BD-E0D4-4E8E-B54A-0B363694BBCA}.Ad-Hoc|Any CPU.Build.0 = Release|Any CPU
		{5569E8BD-E0D4-4E8E-B54A-0B363694BBCA}.Ad-Hoc|Any CPU.Deploy.0 = Release|Any CPU
		{5569E8BD-E0D4-4E8E-B54A-0B363694BBCA}.Ad-Hoc|ARM.ActiveCfg = Release|ARM
		{5569E8BD-E0D4-4E8E-B54A-0B363694BBCA}.Ad-Hoc|ARM.Build.0 = Release|ARM
		{5569E8BD-E0D4-4E8E-B54A-0B363694BBCA}.Ad-Hoc|ARM.Deploy.0 = Release|ARM
		{5569E8BD-E0D4-4E8E-B54A-0B363694BBCA}.Ad-Hoc|iPhone.ActiveCfg = Release|Any CPU
		{5569E8BD-E0D4-4E8E-B54A-0B363694BBCA}.Ad-Hoc|iPhone.Build.0 = Release|Any CPU
		{5569E8BD-E0D4-4E8E-B54A-0B363694BBCA}.Ad-Hoc|iPhone.Deploy.0 = Release|Any CPU
		{5569E8BD-E0D4-4E8E-B54A-0B363694BBCA}.Ad-Hoc|iPhoneSimulator.ActiveCfg = Release|Any CPU
		{5569E8BD-E0D4-4E8E-B54A-0B363694BBCA}.Ad-Hoc|iPhoneSimulator.Build.0 = Release|Any CPU
		{5569E8BD-E0D4-4E8E-B54A-0B363694BBCA}.Ad-Hoc|iPhoneSimulator.Deploy.0 = Release|Any CPU
		{5569E8BD-E0D4-4E8E-B54A-0B363694BBCA}.Ad-Hoc|x64.ActiveCfg = Release|x64
		{5569E8BD-E0D4-4E8E-B54A-0B363694BBCA}.Ad-Hoc|x64.Build.0 = Release|x64
		{5569E8BD-E0D4-4E8E-B54A-0B363694BBCA}.Ad-Hoc|x64.Deploy.0 = Release|x64
		{5569E8BD-E0D4-4E8E-B54A-0B363694BBCA}.Ad-Hoc|x86.ActiveCfg = Release|x86
		{5569E8BD-E0D4-4E8E-B54A-0B363694BBCA}.Ad-Hoc|x86.Build.0 = Release|x86
		{5569E8BD-E0D4-4E8E-B54A-0B363694BBCA}.Ad-Hoc|x86.Deploy.0 = Release|x86
		{5569E8BD-E0D4-4E8E-B54A-0B363694BBCA}.AppStore|Any CPU.ActiveCfg = Release|Any CPU
		{5569E8BD-E0D4-4E8E-B54A-0B363694BBCA}.AppStore|Any CPU.Build.0 = Release|Any CPU
		{5569E8BD-E0D4-4E8E-B54A-0B363694BBCA}.AppStore|Any CPU.Deploy.0 = Release|Any CPU
		{5569E8BD-E0D4-4E8E-B54A-0B363694BBCA}.AppStore|ARM.ActiveCfg = Release|ARM
		{5569E8BD-E0D4-4E8E-B54A-0B363694BBCA}.AppStore|ARM.Build.0 = Release|ARM
		{5569E8BD-E0D4-4E8E-B54A-0B363694BBCA}.AppStore|ARM.Deploy.0 = Release|ARM
		{5569E8BD-E0D4-4E8E-B54A-0B363694BBCA}.AppStore|iPhone.ActiveCfg = Release|Any CPU
		{5569E8BD-E0D4-4E8E-B54A-0B363694BBCA}.AppStore|iPhone.Build.0 = Release|Any CPU
		{5569E8BD-E0D4-4E8E-B54A-0B363694BBCA}.AppStore|iPhone.Deploy.0 = Release|Any CPU
		{5569E8BD-E0D4-4E8E-B54A-0B363694BBCA}.AppStore|iPhoneSimulator.ActiveCfg = Release|Any CPU
		{5569E8BD-E0D4-4E8E-B54A-0B363694BBCA}.AppStore|iPhoneSimulator.Build.0 = Release|Any CPU
		{5569E8BD-E0D4-4E8E-B54A-0B363694BBCA}.AppStore|iPhoneSimulator.Deploy.0 = Release|Any CPU
		{5569E8BD-E0D4-4E8E-B54A-0B363694BBCA}.AppStore|x64.ActiveCfg = Release|x64
		{5569E8BD-E0D4-4E8E-B54A-0B363694BBCA}.AppStore|x64.Build.0 = Release|x64
		{5569E8BD-E0D4-4E8E-B54A-0B363694BBCA}.AppStore|x64.Deploy.0 = Release|x64
		{5569E8BD-E0D4-4E8E-B54A-0B363694BBCA}.AppStore|x86.ActiveCfg = Release|x86
		{5569E8BD-E0D4-4E8E-B54A-0B363694BBCA}.AppStore|x86.Build.0 = Release|x86
		{5569E8BD-E0D4-4E8E-B54A-0B363694BBCA}.AppStore|x86.Deploy.0 = Release|x86
		{5569E8BD-E0D4-4E8E-B54A-0B363694BBCA}.Debug|Any CPU.ActiveCfg = Debug|Any CPU
		{5569E8BD-E0D4-4E8E-B54A-0B363694BBCA}.Debug|Any CPU.Build.0 = Debug|Any CPU
		{5569E8BD-E0D4-4E8E-B54A-0B363694BBCA}.Debug|Any CPU.Deploy.0 = Debug|Any CPU
		{5569E8BD-E0D4-4E8E-B54A-0B363694BBCA}.Debug|ARM.ActiveCfg = Debug|ARM
		{5569E8BD-E0D4-4E8E-B54A-0B363694BBCA}.Debug|ARM.Build.0 = Debug|ARM
		{5569E8BD-E0D4-4E8E-B54A-0B363694BBCA}.Debug|ARM.Deploy.0 = Debug|ARM
		{5569E8BD-E0D4-4E8E-B54A-0B363694BBCA}.Debug|iPhone.ActiveCfg = Debug|Any CPU
		{5569E8BD-E0D4-4E8E-B54A-0B363694BBCA}.Debug|iPhone.Build.0 = Debug|Any CPU
		{5569E8BD-E0D4-4E8E-B54A-0B363694BBCA}.Debug|iPhone.Deploy.0 = Debug|Any CPU
		{5569E8BD-E0D4-4E8E-B54A-0B363694BBCA}.Debug|iPhoneSimulator.ActiveCfg = Debug|Any CPU
		{5569E8BD-E0D4-4E8E-B54A-0B363694BBCA}.Debug|iPhoneSimulator.Build.0 = Debug|Any CPU
		{5569E8BD-E0D4-4E8E-B54A-0B363694BBCA}.Debug|iPhoneSimulator.Deploy.0 = Debug|Any CPU
		{5569E8BD-E0D4-4E8E-B54A-0B363694BBCA}.Debug|x64.ActiveCfg = Debug|x64
		{5569E8BD-E0D4-4E8E-B54A-0B363694BBCA}.Debug|x64.Build.0 = Debug|x64
		{5569E8BD-E0D4-4E8E-B54A-0B363694BBCA}.Debug|x64.Deploy.0 = Debug|x64
		{5569E8BD-E0D4-4E8E-B54A-0B363694BBCA}.Debug|x86.ActiveCfg = Debug|x86
		{5569E8BD-E0D4-4E8E-B54A-0B363694BBCA}.Debug|x86.Build.0 = Debug|x86
		{5569E8BD-E0D4-4E8E-B54A-0B363694BBCA}.Debug|x86.Deploy.0 = Debug|x86
		{5569E8BD-E0D4-4E8E-B54A-0B363694BBCA}.Release|Any CPU.ActiveCfg = Release|Any CPU
		{5569E8BD-E0D4-4E8E-B54A-0B363694BBCA}.Release|Any CPU.Build.0 = Release|Any CPU
		{5569E8BD-E0D4-4E8E-B54A-0B363694BBCA}.Release|Any CPU.Deploy.0 = Release|Any CPU
		{5569E8BD-E0D4-4E8E-B54A-0B363694BBCA}.Release|ARM.ActiveCfg = Release|ARM
		{5569E8BD-E0D4-4E8E-B54A-0B363694BBCA}.Release|ARM.Build.0 = Release|ARM
		{5569E8BD-E0D4-4E8E-B54A-0B363694BBCA}.Release|ARM.Deploy.0 = Release|ARM
		{5569E8BD-E0D4-4E8E-B54A-0B363694BBCA}.Release|iPhone.ActiveCfg = Release|Any CPU
		{5569E8BD-E0D4-4E8E-B54A-0B363694BBCA}.Release|iPhone.Build.0 = Release|Any CPU
		{5569E8BD-E0D4-4E8E-B54A-0B363694BBCA}.Release|iPhone.Deploy.0 = Release|Any CPU
		{5569E8BD-E0D4-4E8E-B54A-0B363694BBCA}.Release|iPhoneSimulator.ActiveCfg = Release|Any CPU
		{5569E8BD-E0D4-4E8E-B54A-0B363694BBCA}.Release|iPhoneSimulator.Build.0 = Release|Any CPU
		{5569E8BD-E0D4-4E8E-B54A-0B363694BBCA}.Release|iPhoneSimulator.Deploy.0 = Release|Any CPU
		{5569E8BD-E0D4-4E8E-B54A-0B363694BBCA}.Release|x64.ActiveCfg = Release|x64
		{5569E8BD-E0D4-4E8E-B54A-0B363694BBCA}.Release|x64.Build.0 = Release|x64
		{5569E8BD-E0D4-4E8E-B54A-0B363694BBCA}.Release|x64.Deploy.0 = Release|x64
		{5569E8BD-E0D4-4E8E-B54A-0B363694BBCA}.Release|x86.ActiveCfg = Release|x86
		{5569E8BD-E0D4-4E8E-B54A-0B363694BBCA}.Release|x86.Build.0 = Release|x86
		{5569E8BD-E0D4-4E8E-B54A-0B363694BBCA}.Release|x86.Deploy.0 = Release|x86
	EndGlobalSection
	GlobalSection(SolutionProperties) = preSolution
		HideSolutionNode = FALSE
	EndGlobalSection
EndGlobal
